
Microsoft Visual Studio Solution File, Format Version 12.00
# Visual Studio 15
VisualStudioVersion = 15.0.27004.2009
MinimumVisualStudioVersion = 10.0.40219.1
Project("{FAE04EC0-301F-11D3-BF4B-00C04F79EFBC}") = "PathHISZGQJK", "PathHISZGQJK\PathHISZGQJK.csproj", "{B742563A-43F4-4F73-8ED2-3AE72F35882A}"
EndProject
Project("{FAE04EC0-301F-11D3-BF4B-00C04F79EFBC}") = "PathHISZGQJKTests", "PathHISZGQJKTests\PathHISZGQJKTests.csproj", "{22AFE3C2-DA93-4609-BB31-29AEE2778D1B}"
EndProject
Project("{FAE04EC0-301F-11D3-BF4B-00C04F79EFBC}") = "ResendReport", "ResendReport\ResendReport.csproj", "{271BEA23-2900-485B-9598-F1B5C68F7F8D}"
EndProject
Project("{FAE04EC0-301F-11D3-BF4B-00C04F79EFBC}") = "WsForErDaiCeXu", "WsForErDaiCeXu\WsForErDaiCeXu.csproj", "{0217B6BB-0BCC-4714-8783-3CD45AC0AC1F}"
EndProject
Project("{FAE04EC0-301F-11D3-BF4B-00C04F79EFBC}") = "WsForErDaiCeXuTests", "WsForErDaiCeXuTests\WsForErDaiCeXuTests.csproj", "{57A3C536-84A3-4B42-928D-93096AD4B1A8}"
	ProjectSection(ProjectDependencies) = postProject
		{0217B6BB-0BCC-4714-8783-3CD45AC0AC1F} = {0217B6BB-0BCC-4714-8783-3CD45AC0AC1F}
	EndProjectSection
EndProject
Project("{FAE04EC0-301F-11D3-BF4B-00C04F79EFBC}") = "File2Base64", "File2Base64\File2Base64.csproj", "{C3F525AE-9DEB-49AB-AEC3-0E4261AEF311}"
EndProject
Project("{FAE04EC0-301F-11D3-BF4B-00C04F79EFBC}") = "UpPic", "UpPic\UpPic.csproj", "{40431A73-A7C0-4F5F-A65A-35F5FBF27D0C}"
EndProject
Project("{FAE04EC0-301F-11D3-BF4B-00C04F79EFBC}") = "BatchPdf2Jpeg", "..\BatchPdf2Jpeg\BatchPdf2Jpeg.csproj", "{54829901-A9B6-4EA2-8B61-1DF3E1EB01BE}"
EndProject
Project("{FAE04EC0-301F-11D3-BF4B-00C04F79EFBC}") = "PathnetCAzgq", "..\PathnetCAzgq\PathnetCAzgq\PathnetCAzgq.csproj", "{8E7E1BF2-0438-4C94-8741-4FF19CE3C18E}"
EndProject
Project("{FAE04EC0-301F-11D3-BF4B-00C04F79EFBC}") = "PathnetCAzgqTests", "..\PathnetCAzgq\PathnetCAzgqTests\PathnetCAzgqTests.csproj", "{C923E65E-7189-447D-AEEB-A571D7A21D07}"
EndProject
Global
	GlobalSection(SolutionConfigurationPlatforms) = preSolution
		Debug|Any CPU = Debug|Any CPU
		Release|Any CPU = Release|Any CPU
	EndGlobalSection
	GlobalSection(ProjectConfigurationPlatforms) = postSolution
		{B742563A-43F4-4F73-8ED2-3AE72F35882A}.Debug|Any CPU.ActiveCfg = Debug|Any CPU
		{B742563A-43F4-4F73-8ED2-3AE72F35882A}.Debug|Any CPU.Build.0 = Debug|Any CPU
		{B742563A-43F4-4F73-8ED2-3AE72F35882A}.Release|Any CPU.ActiveCfg = Release|Any CPU
		{B742563A-43F4-4F73-8ED2-3AE72F35882A}.Release|Any CPU.Build.0 = Release|Any CPU
		{22AFE3C2-DA93-4609-BB31-29AEE2778D1B}.Debug|Any CPU.ActiveCfg = Debug|Any CPU
		{22AFE3C2-DA93-4609-BB31-29AEE2778D1B}.Debug|Any CPU.Build.0 = Debug|Any CPU
		{22AFE3C2-DA93-4609-BB31-29AEE2778D1B}.Release|Any CPU.ActiveCfg = Release|Any CPU
		{22AFE3C2-DA93-4609-BB31-29AEE2778D1B}.Release|Any CPU.Build.0 = Release|Any CPU
		{271BEA23-2900-485B-9598-F1B5C68F7F8D}.Debug|Any CPU.ActiveCfg = Debug|Any CPU
		{271BEA23-2900-485B-9598-F1B5C68F7F8D}.Debug|Any CPU.Build.0 = Debug|Any CPU
		{271BEA23-2900-485B-9598-F1B5C68F7F8D}.Release|Any CPU.ActiveCfg = Release|Any CPU
		{271BEA23-2900-485B-9598-F1B5C68F7F8D}.Release|Any CPU.Build.0 = Release|Any CPU
		{0217B6BB-0BCC-4714-8783-3CD45AC0AC1F}.Debug|Any CPU.ActiveCfg = Debug|Any CPU
		{0217B6BB-0BCC-4714-8783-3CD45AC0AC1F}.Debug|Any CPU.Build.0 = Debug|Any CPU
		{0217B6BB-0BCC-4714-8783-3CD45AC0AC1F}.Release|Any CPU.ActiveCfg = Release|Any CPU
		{0217B6BB-0BCC-4714-8783-3CD45AC0AC1F}.Release|Any CPU.Build.0 = Release|Any CPU
		{57A3C536-84A3-4B42-928D-93096AD4B1A8}.Debug|Any CPU.ActiveCfg = Debug|Any CPU
		{57A3C536-84A3-4B42-928D-93096AD4B1A8}.Debug|Any CPU.Build.0 = Debug|Any CPU
		{57A3C536-84A3-4B42-928D-93096AD4B1A8}.Release|Any CPU.ActiveCfg = Release|Any CPU
		{57A3C536-84A3-4B42-928D-93096AD4B1A8}.Release|Any CPU.Build.0 = Release|Any CPU
		{C3F525AE-9DEB-49AB-AEC3-0E4261AEF311}.Debug|Any CPU.ActiveCfg = Debug|Any CPU
		{C3F525AE-9DEB-49AB-AEC3-0E4261AEF311}.Debug|Any CPU.Build.0 = Debug|Any CPU
		{C3F525AE-9DEB-49AB-AEC3-0E4261AEF311}.Release|Any CPU.ActiveCfg = Release|Any CPU
		{C3F525AE-9DEB-49AB-AEC3-0E4261AEF311}.Release|Any CPU.Build.0 = Release|Any CPU
		{40431A73-A7C0-4F5F-A65A-35F5FBF27D0C}.Debug|Any CPU.ActiveCfg = Debug|Any CPU
		{40431A73-A7C0-4F5F-A65A-35F5FBF27D0C}.Debug|Any CPU.Build.0 = Debug|Any CPU
		{40431A73-A7C0-4F5F-A65A-35F5FBF27D0C}.Release|Any CPU.ActiveCfg = Release|Any CPU
		{40431A73-A7C0-4F5F-A65A-35F5FBF27D0C}.Release|Any CPU.Build.0 = Release|Any CPU
		{54829901-A9B6-4EA2-8B61-1DF3E1EB01BE}.Debug|Any CPU.ActiveCfg = Debug|Any CPU
		{54829901-A9B6-4EA2-8B61-1DF3E1EB01BE}.Debug|Any CPU.Build.0 = Debug|Any CPU
		{54829901-A9B6-4EA2-8B61-1DF3E1EB01BE}.Release|Any CPU.ActiveCfg = Release|Any CPU
		{54829901-A9B6-4EA2-8B61-1DF3E1EB01BE}.Release|Any CPU.Build.0 = Release|Any CPU
		{8E7E1BF2-0438-4C94-8741-4FF19CE3C18E}.Debug|Any CPU.ActiveCfg = Debug|Any CPU
		{8E7E1BF2-0438-4C94-8741-4FF19CE3C18E}.Debug|Any CPU.Build.0 = Debug|Any CPU
		{8E7E1BF2-0438-4C94-8741-4FF19CE3C18E}.Release|Any CPU.ActiveCfg = Release|Any CPU
		{8E7E1BF2-0438-4C94-8741-4FF19CE3C18E}.Release|Any CPU.Build.0 = Release|Any CPU
		{C923E65E-7189-447D-AEEB-A571D7A21D07}.Debug|Any CPU.ActiveCfg = Debug|Any CPU
		{C923E65E-7189-447D-AEEB-A571D7A21D07}.Debug|Any CPU.Build.0 = Debug|Any CPU
		{C923E65E-7189-447D-AEEB-A571D7A21D07}.Release|Any CPU.ActiveCfg = Release|Any CPU
		{C923E65E-7189-447D-AEEB-A571D7A21D07}.Release|Any CPU.Build.0 = Release|Any CPU
	EndGlobalSection
	GlobalSection(SolutionProperties) = preSolution
		HideSolutionNode = FALSE
	EndGlobalSection
	GlobalSection(ExtensibilityGlobals) = postSolution
		SolutionGuid = {2CD04FC2-9C53-49F1-B649-F1D115B92ABE}
	EndGlobalSection
EndGlobal
